
Microsoft Visual Studio Solution File, Format Version 12.00
# Visual Studio 15
VisualStudioVersion = 15.0.25807.0
MinimumVisualStudioVersion = 10.0.40219.1
Project("{2150E333-8FDC-42A3-9474-1A3956D46DE8}") = "Engine", "Engine", "{0201CE50-BE90-4DB3-926B-E8B149B38236}"
EndProject
Project("{2150E333-8FDC-42A3-9474-1A3956D46DE8}") = "Games", "Games", "{F83A961A-ACFB-4BCE-864F-691644B811DF}"
EndProject
Project("{8BC9CEB8-8B4A-11D0-8D11-00A0C91BC942}") = "UE4", "Intermediate\ProjectFiles\UE4.vcxproj", "{8F9A2FDF-0D2B-4B07-9F01-9065986B8FEA}"
EndProject
Project("{8BC9CEB8-8B4A-11D0-8D11-00A0C91BC942}") = "neowiple_fishing", "Intermediate\ProjectFiles\neowiple_fishing.vcxproj", "{78D7DC7E-8704-4C59-9ECD-D4B909B2A7FF}"
EndProject
Global
	GlobalSection(SolutionConfigurationPlatforms) = preSolution
		DebugGame Editor|HTML5 = DebugGame Editor|HTML5
		DebugGame Editor|Win32 = DebugGame Editor|Win32
		DebugGame Editor|Win64 = DebugGame Editor|Win64
		DebugGame|HTML5 = DebugGame|HTML5
		DebugGame|Win32 = DebugGame|Win32
		DebugGame|Win64 = DebugGame|Win64
		Development Editor|HTML5 = Development Editor|HTML5
		Development Editor|Win32 = Development Editor|Win32
		Development Editor|Win64 = Development Editor|Win64
		Development|HTML5 = Development|HTML5
		Development|Win32 = Development|Win32
		Development|Win64 = Development|Win64
		Shipping|HTML5 = Shipping|HTML5
		Shipping|Win32 = Shipping|Win32
		Shipping|Win64 = Shipping|Win64
	EndGlobalSection
	GlobalSection(ProjectConfigurationPlatforms) = postSolution
		{8F9A2FDF-0D2B-4B07-9F01-9065986B8FEA}.DebugGame Editor|HTML5.ActiveCfg = BuiltWithUnrealBuildTool|Win32
		{8F9A2FDF-0D2B-4B07-9F01-9065986B8FEA}.DebugGame Editor|HTML5.Build.0 = BuiltWithUnrealBuildTool|Win32
		{8F9A2FDF-0D2B-4B07-9F01-9065986B8FEA}.DebugGame Editor|Win32.ActiveCfg = BuiltWithUnrealBuildTool|Win32
		{8F9A2FDF-0D2B-4B07-9F01-9065986B8FEA}.DebugGame Editor|Win32.Build.0 = BuiltWithUnrealBuildTool|Win32
		{8F9A2FDF-0D2B-4B07-9F01-9065986B8FEA}.DebugGame Editor|Win64.ActiveCfg = BuiltWithUnrealBuildTool|Win32
		{8F9A2FDF-0D2B-4B07-9F01-9065986B8FEA}.DebugGame Editor|Win64.Build.0 = BuiltWithUnrealBuildTool|Win32
		{8F9A2FDF-0D2B-4B07-9F01-9065986B8FEA}.DebugGame|HTML5.ActiveCfg = BuiltWithUnrealBuildTool|Win32
		{8F9A2FDF-0D2B-4B07-9F01-9065986B8FEA}.DebugGame|HTML5.Build.0 = BuiltWithUnrealBuildTool|Win32
		{8F9A2FDF-0D2B-4B07-9F01-9065986B8FEA}.DebugGame|Win32.ActiveCfg = BuiltWithUnrealBuildTool|Win32
		{8F9A2FDF-0D2B-4B07-9F01-9065986B8FEA}.DebugGame|Win32.Build.0 = BuiltWithUnrealBuildTool|Win32
		{8F9A2FDF-0D2B-4B07-9F01-9065986B8FEA}.DebugGame|Win64.ActiveCfg = BuiltWithUnrealBuildTool|Win32
		{8F9A2FDF-0D2B-4B07-9F01-9065986B8FEA}.DebugGame|Win64.Build.0 = BuiltWithUnrealBuildTool|Win32
		{8F9A2FDF-0D2B-4B07-9F01-9065986B8FEA}.Development Editor|HTML5.ActiveCfg = BuiltWithUnrealBuildTool|Win32
		{8F9A2FDF-0D2B-4B07-9F01-9065986B8FEA}.Development Editor|HTML5.Build.0 = BuiltWithUnrealBuildTool|Win32
		{8F9A2FDF-0D2B-4B07-9F01-9065986B8FEA}.Development Editor|Win32.ActiveCfg = BuiltWithUnrealBuildTool|Win32
		{8F9A2FDF-0D2B-4B07-9F01-9065986B8FEA}.Development Editor|Win32.Build.0 = BuiltWithUnrealBuildTool|Win32
		{8F9A2FDF-0D2B-4B07-9F01-9065986B8FEA}.Development Editor|Win64.ActiveCfg = BuiltWithUnrealBuildTool|Win32
		{8F9A2FDF-0D2B-4B07-9F01-9065986B8FEA}.Development Editor|Win64.Build.0 = BuiltWithUnrealBuildTool|Win32
		{8F9A2FDF-0D2B-4B07-9F01-9065986B8FEA}.Development|HTML5.ActiveCfg = BuiltWithUnrealBuildTool|Win32
		{8F9A2FDF-0D2B-4B07-9F01-9065986B8FEA}.Development|HTML5.Build.0 = BuiltWithUnrealBuildTool|Win32
		{8F9A2FDF-0D2B-4B07-9F01-9065986B8FEA}.Development|Win32.ActiveCfg = BuiltWithUnrealBuildTool|Win32
		{8F9A2FDF-0D2B-4B07-9F01-9065986B8FEA}.Development|Win32.Build.0 = BuiltWithUnrealBuildTool|Win32
		{8F9A2FDF-0D2B-4B07-9F01-9065986B8FEA}.Development|Win64.ActiveCfg = BuiltWithUnrealBuildTool|Win32
		{8F9A2FDF-0D2B-4B07-9F01-9065986B8FEA}.Development|Win64.Build.0 = BuiltWithUnrealBuildTool|Win32
		{8F9A2FDF-0D2B-4B07-9F01-9065986B8FEA}.Shipping|HTML5.ActiveCfg = BuiltWithUnrealBuildTool|Win32
		{8F9A2FDF-0D2B-4B07-9F01-9065986B8FEA}.Shipping|HTML5.Build.0 = BuiltWithUnrealBuildTool|Win32
		{8F9A2FDF-0D2B-4B07-9F01-9065986B8FEA}.Shipping|Win32.ActiveCfg = BuiltWithUnrealBuildTool|Win32
		{8F9A2FDF-0D2B-4B07-9F01-9065986B8FEA}.Shipping|Win32.Build.0 = BuiltWithUnrealBuildTool|Win32
		{8F9A2FDF-0D2B-4B07-9F01-9065986B8FEA}.Shipping|Win64.ActiveCfg = BuiltWithUnrealBuildTool|Win32
		{8F9A2FDF-0D2B-4B07-9F01-9065986B8FEA}.Shipping|Win64.Build.0 = BuiltWithUnrealBuildTool|Win32
		{78D7DC7E-8704-4C59-9ECD-D4B909B2A7FF}.DebugGame Editor|HTML5.ActiveCfg = HTML5_DebugGame_Editor|Win32
		{78D7DC7E-8704-4C59-9ECD-D4B909B2A7FF}.DebugGame Editor|Win32.ActiveCfg = DebugGame_Editor|Win32
		{78D7DC7E-8704-4C59-9ECD-D4B909B2A7FF}.DebugGame Editor|Win64.ActiveCfg = DebugGame_Editor|x64
		{78D7DC7E-8704-4C59-9ECD-D4B909B2A7FF}.DebugGame Editor|Win64.Build.0 = DebugGame_Editor|x64
		{78D7DC7E-8704-4C59-9ECD-D4B909B2A7FF}.DebugGame|HTML5.ActiveCfg = HTML5_DebugGame_Game|Win32
		{78D7DC7E-8704-4C59-9ECD-D4B909B2A7FF}.DebugGame|HTML5.Build.0 = HTML5_DebugGame_Game|Win32
		{78D7DC7E-8704-4C59-9ECD-D4B909B2A7FF}.DebugGame|Win32.ActiveCfg = DebugGame_Game|Win32
		{78D7DC7E-8704-4C59-9ECD-D4B909B2A7FF}.DebugGame|Win32.Build.0 = DebugGame_Game|Win32
		{78D7DC7E-8704-4C59-9ECD-D4B909B2A7FF}.DebugGame|Win64.ActiveCfg = DebugGame_Game|x64
		{78D7DC7E-8704-4C59-9ECD-D4B909B2A7FF}.DebugGame|Win64.Build.0 = DebugGame_Game|x64
		{78D7DC7E-8704-4C59-9ECD-D4B909B2A7FF}.Development Editor|HTML5.ActiveCfg = HTML5_Development_Editor|Win32
		{78D7DC7E-8704-4C59-9ECD-D4B909B2A7FF}.Development Editor|Win32.ActiveCfg = Development_Editor|Win32
		{78D7DC7E-8704-4C59-9ECD-D4B909B2A7FF}.Development Editor|Win64.ActiveCfg = Development_Editor|x64
		{78D7DC7E-8704-4C59-9ECD-D4B909B2A7FF}.Development Editor|Win64.Build.0 = Development_Editor|x64
		{78D7DC7E-8704-4C59-9ECD-D4B909B2A7FF}.Development|HTML5.ActiveCfg = HTML5_Development_Game|Win32
		{78D7DC7E-8704-4C59-9ECD-D4B909B2A7FF}.Development|HTML5.Build.0 = HTML5_Development_Game|Win32
		{78D7DC7E-8704-4C59-9ECD-D4B909B2A7FF}.Development|Win32.ActiveCfg = Development_Game|Win32
		{78D7DC7E-8704-4C59-9ECD-D4B909B2A7FF}.Development|Win32.Build.0 = Development_Game|Win32
		{78D7DC7E-8704-4C59-9ECD-D4B909B2A7FF}.Development|Win64.ActiveCfg = Development_Game|x64
		{78D7DC7E-8704-4C59-9ECD-D4B909B2A7FF}.Development|Win64.Build.0 = Development_Game|x64
		{78D7DC7E-8704-4C59-9ECD-D4B909B2A7FF}.Shipping|HTML5.ActiveCfg = HTML5_Shipping_Game|Win32
		{78D7DC7E-8704-4C59-9ECD-D4B909B2A7FF}.Shipping|HTML5.Build.0 = HTML5_Shipping_Game|Win32
		{78D7DC7E-8704-4C59-9ECD-D4B909B2A7FF}.Shipping|Win32.ActiveCfg = Shipping_Game|Win32
		{78D7DC7E-8704-4C59-9ECD-D4B909B2A7FF}.Shipping|Win32.Build.0 = Shipping_Game|Win32
		{78D7DC7E-8704-4C59-9ECD-D4B909B2A7FF}.Shipping|Win64.ActiveCfg = Shipping_Game|x64
		{78D7DC7E-8704-4C59-9ECD-D4B909B2A7FF}.Shipping|Win64.Build.0 = Shipping_Game|x64
	EndGlobalSection
	GlobalSection(SolutionProperties) = preSolution
		HideSolutionNode = FALSE
	EndGlobalSection
	GlobalSection(NestedProjects) = preSolution
		{8F9A2FDF-0D2B-4B07-9F01-9065986B8FEA} = {0201CE50-BE90-4DB3-926B-E8B149B38236}
		{78D7DC7E-8704-4C59-9ECD-D4B909B2A7FF} = {F83A961A-ACFB-4BCE-864F-691644B811DF}
	EndGlobalSection
	GlobalSection(ExtensibilityGlobals) = postSolution
		SolutionGuid = {F01573D5-3ED5-42DD-A584-D2269886409B}
	EndGlobalSection
EndGlobal
